
Microsoft Visual Studio Solution File, Format Version 12.00
# Visual Studio Version 16
VisualStudioVersion = 16.0.30114.105
MinimumVisualStudioVersion = 10.0.40219.1
Project("{FAE04EC0-301F-11D3-BF4B-00C04F79EFBC}") = "scrapper", "scrapper\scrapper.csproj", "{1CAADC74-4277-4A8C-9A40-85D31001B7A0}"
EndProject
Project("{FAE04EC0-301F-11D3-BF4B-00C04F79EFBC}") = "database", "database\database.csproj", "{0B60434A-EFD8-459C-B081-488E39050C1F}"
EndProject
Project("{FAE04EC0-301F-11D3-BF4B-00C04F79EFBC}") = "YoutubeApi", "YoutubeApi\YoutubeApi.csproj", "{F29F138F-9654-4DB0-873B-D772B657A557}"
EndProject
Project("{FAE04EC0-301F-11D3-BF4B-00C04F79EFBC}") = "scraperlib", "scraperlib\scraperlib.csproj", "{7737380F-B1A6-480B-8B34-0B1F44E68166}"
EndProject
Project("{FAE04EC0-301F-11D3-BF4B-00C04F79EFBC}") = "GrpcYoutubeServer", "GrpcYoutubeServer\GrpcYoutubeServer.csproj", "{BEEFB010-6237-4310-981E-1EF859611B28}"
EndProject
Project("{FAE04EC0-301F-11D3-BF4B-00C04F79EFBC}") = "GrpcYoutubeClient", "GrpcYoutubeClient\GrpcYoutubeClient.csproj", "{AC8B0355-566A-4DE2-B28F-EE77EA75E1DA}"
EndProject
Global
	GlobalSection(SolutionProperties) = preSolution
		HideSolutionNode = FALSE
	EndGlobalSection
	GlobalSection(SolutionConfigurationPlatforms) = preSolution
		Debug|Any CPU = Debug|Any CPU
		Debug|x64 = Debug|x64
		Debug|x86 = Debug|x86
		Release|Any CPU = Release|Any CPU
		Release|x64 = Release|x64
		Release|x86 = Release|x86
	EndGlobalSection
	GlobalSection(ProjectConfigurationPlatforms) = postSolution
		{1CAADC74-4277-4A8C-9A40-85D31001B7A0}.Debug|Any CPU.ActiveCfg = Debug|Any CPU
		{1CAADC74-4277-4A8C-9A40-85D31001B7A0}.Debug|Any CPU.Build.0 = Debug|Any CPU
		{1CAADC74-4277-4A8C-9A40-85D31001B7A0}.Debug|x64.ActiveCfg = Debug|Any CPU
		{1CAADC74-4277-4A8C-9A40-85D31001B7A0}.Debug|x64.Build.0 = Debug|Any CPU
		{1CAADC74-4277-4A8C-9A40-85D31001B7A0}.Debug|x86.ActiveCfg = Debug|Any CPU
		{1CAADC74-4277-4A8C-9A40-85D31001B7A0}.Debug|x86.Build.0 = Debug|Any CPU
		{1CAADC74-4277-4A8C-9A40-85D31001B7A0}.Release|Any CPU.ActiveCfg = Release|Any CPU
		{1CAADC74-4277-4A8C-9A40-85D31001B7A0}.Release|Any CPU.Build.0 = Release|Any CPU
		{1CAADC74-4277-4A8C-9A40-85D31001B7A0}.Release|x64.ActiveCfg = Release|Any CPU
		{1CAADC74-4277-4A8C-9A40-85D31001B7A0}.Release|x64.Build.0 = Release|Any CPU
		{1CAADC74-4277-4A8C-9A40-85D31001B7A0}.Release|x86.ActiveCfg = Release|Any CPU
		{1CAADC74-4277-4A8C-9A40-85D31001B7A0}.Release|x86.Build.0 = Release|Any CPU
		{0B60434A-EFD8-459C-B081-488E39050C1F}.Debug|Any CPU.ActiveCfg = Debug|Any CPU
		{0B60434A-EFD8-459C-B081-488E39050C1F}.Debug|Any CPU.Build.0 = Debug|Any CPU
		{0B60434A-EFD8-459C-B081-488E39050C1F}.Debug|x64.ActiveCfg = Debug|Any CPU
		{0B60434A-EFD8-459C-B081-488E39050C1F}.Debug|x64.Build.0 = Debug|Any CPU
		{0B60434A-EFD8-459C-B081-488E39050C1F}.Debug|x86.ActiveCfg = Debug|Any CPU
		{0B60434A-EFD8-459C-B081-488E39050C1F}.Debug|x86.Build.0 = Debug|Any CPU
		{0B60434A-EFD8-459C-B081-488E39050C1F}.Release|Any CPU.ActiveCfg = Release|Any CPU
		{0B60434A-EFD8-459C-B081-488E39050C1F}.Release|Any CPU.Build.0 = Release|Any CPU
		{0B60434A-EFD8-459C-B081-488E39050C1F}.Release|x64.ActiveCfg = Release|Any CPU
		{0B60434A-EFD8-459C-B081-488E39050C1F}.Release|x64.Build.0 = Release|Any CPU
		{0B60434A-EFD8-459C-B081-488E39050C1F}.Release|x86.ActiveCfg = Release|Any CPU
		{0B60434A-EFD8-459C-B081-488E39050C1F}.Release|x86.Build.0 = Release|Any CPU
		{F29F138F-9654-4DB0-873B-D772B657A557}.Debug|Any CPU.ActiveCfg = Debug|Any CPU
		{F29F138F-9654-4DB0-873B-D772B657A557}.Debug|Any CPU.Build.0 = Debug|Any CPU
		{F29F138F-9654-4DB0-873B-D772B657A557}.Debug|x64.ActiveCfg = Debug|Any CPU
		{F29F138F-9654-4DB0-873B-D772B657A557}.Debug|x64.Build.0 = Debug|Any CPU
		{F29F138F-9654-4DB0-873B-D772B657A557}.Debug|x86.ActiveCfg = Debug|Any CPU
		{F29F138F-9654-4DB0-873B-D772B657A557}.Debug|x86.Build.0 = Debug|Any CPU
		{F29F138F-9654-4DB0-873B-D772B657A557}.Release|Any CPU.ActiveCfg = Release|Any CPU
		{F29F138F-9654-4DB0-873B-D772B657A557}.Release|Any CPU.Build.0 = Release|Any CPU
		{F29F138F-9654-4DB0-873B-D772B657A557}.Release|x64.ActiveCfg = Release|Any CPU
		{F29F138F-9654-4DB0-873B-D772B657A557}.Release|x64.Build.0 = Release|Any CPU
		{F29F138F-9654-4DB0-873B-D772B657A557}.Release|x86.ActiveCfg = Release|Any CPU
		{F29F138F-9654-4DB0-873B-D772B657A557}.Release|x86.Build.0 = Release|Any CPU
		{7737380F-B1A6-480B-8B34-0B1F44E68166}.Debug|Any CPU.ActiveCfg = Debug|Any CPU
		{7737380F-B1A6-480B-8B34-0B1F44E68166}.Debug|Any CPU.Build.0 = Debug|Any CPU
		{7737380F-B1A6-480B-8B34-0B1F44E68166}.Debug|x64.ActiveCfg = Debug|Any CPU
		{7737380F-B1A6-480B-8B34-0B1F44E68166}.Debug|x64.Build.0 = Debug|Any CPU
		{7737380F-B1A6-480B-8B34-0B1F44E68166}.Debug|x86.ActiveCfg = Debug|Any CPU
		{7737380F-B1A6-480B-8B34-0B1F44E68166}.Debug|x86.Build.0 = Debug|Any CPU
		{7737380F-B1A6-480B-8B34-0B1F44E68166}.Release|Any CPU.ActiveCfg = Release|Any CPU
		{7737380F-B1A6-480B-8B34-0B1F44E68166}.Release|Any CPU.Build.0 = Release|Any CPU
		{7737380F-B1A6-480B-8B34-0B1F44E68166}.Release|x64.ActiveCfg = Release|Any CPU
		{7737380F-B1A6-480B-8B34-0B1F44E68166}.Release|x64.Build.0 = Release|Any CPU
		{7737380F-B1A6-480B-8B34-0B1F44E68166}.Release|x86.ActiveCfg = Release|Any CPU
		{7737380F-B1A6-480B-8B34-0B1F44E68166}.Release|x86.Build.0 = Release|Any CPU
		{BEEFB010-6237-4310-981E-1EF859611B28}.Debug|Any CPU.ActiveCfg = Debug|Any CPU
		{BEEFB010-6237-4310-981E-1EF859611B28}.Debug|Any CPU.Build.0 = Debug|Any CPU
		{BEEFB010-6237-4310-981E-1EF859611B28}.Debug|x64.ActiveCfg = Debug|Any CPU
		{BEEFB010-6237-4310-981E-1EF859611B28}.Debug|x64.Build.0 = Debug|Any CPU
		{BEEFB010-6237-4310-981E-1EF859611B28}.Debug|x86.ActiveCfg = Debug|Any CPU
		{BEEFB010-6237-4310-981E-1EF859611B28}.Debug|x86.Build.0 = Debug|Any CPU
		{BEEFB010-6237-4310-981E-1EF859611B28}.Release|Any CPU.ActiveCfg = Release|Any CPU
		{BEEFB010-6237-4310-981E-1EF859611B28}.Release|Any CPU.Build.0 = Release|Any CPU
		{BEEFB010-6237-4310-981E-1EF859611B28}.Release|x64.ActiveCfg = Release|Any CPU
		{BEEFB010-6237-4310-981E-1EF859611B28}.Release|x64.Build.0 = Release|Any CPU
		{BEEFB010-6237-4310-981E-1EF859611B28}.Release|x86.ActiveCfg = Release|Any CPU
		{BEEFB010-6237-4310-981E-1EF859611B28}.Release|x86.Build.0 = Release|Any CPU
		{AC8B0355-566A-4DE2-B28F-EE77EA75E1DA}.Debug|Any CPU.ActiveCfg = Debug|Any CPU
		{AC8B0355-566A-4DE2-B28F-EE77EA75E1DA}.Debug|Any CPU.Build.0 = Debug|Any CPU
		{AC8B0355-566A-4DE2-B28F-EE77EA75E1DA}.Debug|x64.ActiveCfg = Debug|Any CPU
		{AC8B0355-566A-4DE2-B28F-EE77EA75E1DA}.Debug|x64.Build.0 = Debug|Any CPU
		{AC8B0355-566A-4DE2-B28F-EE77EA75E1DA}.Debug|x86.ActiveCfg = Debug|Any CPU
		{AC8B0355-566A-4DE2-B28F-EE77EA75E1DA}.Debug|x86.Build.0 = Debug|Any CPU
		{AC8B0355-566A-4DE2-B28F-EE77EA75E1DA}.Release|Any CPU.ActiveCfg = Release|Any CPU
		{AC8B0355-566A-4DE2-B28F-EE77EA75E1DA}.Release|Any CPU.Build.0 = Release|Any CPU
		{AC8B0355-566A-4DE2-B28F-EE77EA75E1DA}.Release|x64.ActiveCfg = Release|Any CPU
		{AC8B0355-566A-4DE2-B28F-EE77EA75E1DA}.Release|x64.Build.0 = Release|Any CPU
		{AC8B0355-566A-4DE2-B28F-EE77EA75E1DA}.Release|x86.ActiveCfg = Release|Any CPU
		{AC8B0355-566A-4DE2-B28F-EE77EA75E1DA}.Release|x86.Build.0 = Release|Any CPU
	EndGlobalSection
EndGlobal
